
Microsoft Visual Studio Solution File, Format Version 12.00
# Visual Studio Version 17
VisualStudioVersion = 17.7.34031.279
MinimumVisualStudioVersion = 10.0.40219.1
Project("{FAE04EC0-301F-11D3-BF4B-00C04F79EFBC}") = "JSA02", "JSA02\JSA02.csproj", "{D81BA7D6-9E80-4E45-AC1B-03CFD16C2F54}"
EndProject
Global
	GlobalSection(SolutionConfigurationPlatforms) = preSolution
		Debug|Any CPU = Debug|Any CPU
		Release|Any CPU = Release|Any CPU
	EndGlobalSection
	GlobalSection(ProjectConfigurationPlatforms) = postSolution
		{D81BA7D6-9E80-4E45-AC1B-03CFD16C2F54}.Debug|Any CPU.ActiveCfg = Debug|Any CPU
		{D81BA7D6-9E80-4E45-AC1B-03CFD16C2F54}.Debug|Any CPU.Build.0 = Debug|Any CPU
		{D81BA7D6-9E80-4E45-AC1B-03CFD16C2F54}.Release|Any CPU.ActiveCfg = Release|Any CPU
		{D81BA7D6-9E80-4E45-AC1B-03CFD16C2F54}.Release|Any CPU.Build.0 = Release|Any CPU
	EndGlobalSection
	GlobalSection(SolutionProperties) = preSolution
		HideSolutionNode = FALSE
	EndGlobalSection
	GlobalSection(ExtensibilityGlobals) = postSolution
		SolutionGuid = {C7578D8B-1372-4001-B945-DCF1719C4922}
	EndGlobalSection
EndGlobal
