
Microsoft Visual Studio Solution File, Format Version 12.00
# Visual Studio Version 17
VisualStudioVersion = 17.7.34031.279
MinimumVisualStudioVersion = 10.0.40219.1
Project("{FAE04EC0-301F-11D3-BF4B-00C04F79EFBC}") = "R01", "R01\R01.csproj", "{89F23B03-C3A2-4286-9602-D41D8D013496}"
EndProject
Global
	GlobalSection(SolutionConfigurationPlatforms) = preSolution
		Debug|Any CPU = Debug|Any CPU
		Release|Any CPU = Release|Any CPU
	EndGlobalSection
	GlobalSection(ProjectConfigurationPlatforms) = postSolution
		{89F23B03-C3A2-4286-9602-D41D8D013496}.Debug|Any CPU.ActiveCfg = Debug|Any CPU
		{89F23B03-C3A2-4286-9602-D41D8D013496}.Debug|Any CPU.Build.0 = Debug|Any CPU
		{89F23B03-C3A2-4286-9602-D41D8D013496}.Release|Any CPU.ActiveCfg = Release|Any CPU
		{89F23B03-C3A2-4286-9602-D41D8D013496}.Release|Any CPU.Build.0 = Release|Any CPU
	EndGlobalSection
	GlobalSection(SolutionProperties) = preSolution
		HideSolutionNode = FALSE
	EndGlobalSection
	GlobalSection(ExtensibilityGlobals) = postSolution
		SolutionGuid = {3366E68B-BAB9-4838-ACB1-DE4B7B25DBF2}
	EndGlobalSection
EndGlobal
